Microsoft Visual Studio Solution File, Format Version 12.00
# Visual Studio 15
Project("{8BC9CEB8-8B4A-11D0-8D11-00A0C91BC942}") = "ALL_BUILD", "ALL_BUILD.vcxproj", "{3515D533-CD31-307A-B8AF-546951750644}"
	ProjectSection(ProjectDependencies) = postProject
		{64BC6A5C-B14B-34E2-88A0-A3480F5EF631} = {64BC6A5C-B14B-34E2-88A0-A3480F5EF631}
		{BD80255D-0C82-321D-B38D-E995840D0D9B} = {BD80255D-0C82-321D-B38D-E995840D0D9B}
		{DE29259F-721B-34B2-9660-E12E4611EC6E} = {DE29259F-721B-34B2-9660-E12E4611EC6E}
	EndProjectSection
EndProject
Project("{8BC9CEB8-8B4A-11D0-8D11-00A0C91BC942}") = "INSTALL", "INSTALL.vcxproj", "{69B41938-CC12-36CC-83B2-A2BEDDBC0907}"
	ProjectSection(ProjectDependencies) = postProject
		{3515D533-CD31-307A-B8AF-546951750644} = {3515D533-CD31-307A-B8AF-546951750644}
		{64BC6A5C-B14B-34E2-88A0-A3480F5EF631} = {64BC6A5C-B14B-34E2-88A0-A3480F5EF631}
	EndProjectSection
EndProject
Project("{8BC9CEB8-8B4A-11D0-8D11-00A0C91BC942}") = "RUN_TESTS", "RUN_TESTS.vcxproj", "{12A3B552-5A53-3606-9526-525798E5A526}"
	ProjectSection(ProjectDependencies) = postProject
		{64BC6A5C-B14B-34E2-88A0-A3480F5EF631} = {64BC6A5C-B14B-34E2-88A0-A3480F5EF631}
	EndProjectSection
EndProject
Project("{8BC9CEB8-8B4A-11D0-8D11-00A0C91BC942}") = "ZERO_CHECK", "..\..\\ZERO_CHECK.vcxproj", "{64BC6A5C-B14B-34E2-88A0-A3480F5EF631}"
	ProjectSection(ProjectDependencies) = postProject
	EndProjectSection
EndProject
Project("{8BC9CEB8-8B4A-11D0-8D11-00A0C91BC942}") = "gtest", "gtest.vcxproj", "{BD80255D-0C82-321D-B38D-E995840D0D9B}"
	ProjectSection(ProjectDependencies) = postProject
		{64BC6A5C-B14B-34E2-88A0-A3480F5EF631} = {64BC6A5C-B14B-34E2-88A0-A3480F5EF631}
	EndProjectSection
EndProject
Project("{8BC9CEB8-8B4A-11D0-8D11-00A0C91BC942}") = "gtest_main", "gtest_main.vcxproj", "{DE29259F-721B-34B2-9660-E12E4611EC6E}"
	ProjectSection(ProjectDependencies) = postProject
		{64BC6A5C-B14B-34E2-88A0-A3480F5EF631} = {64BC6A5C-B14B-34E2-88A0-A3480F5EF631}
		{BD80255D-0C82-321D-B38D-E995840D0D9B} = {BD80255D-0C82-321D-B38D-E995840D0D9B}
	EndProjectSection
EndProject
Global
	GlobalSection(SolutionConfigurationPlatforms) = preSolution
		Debug|Win32 = Debug|Win32
		Release|Win32 = Release|Win32
		MinSizeRel|Win32 = MinSizeRel|Win32
		RelWithDebInfo|Win32 = RelWithDebInfo|Win32
	EndGlobalSection
	GlobalSection(ProjectConfigurationPlatforms) = postSolution
		{3515D533-CD31-307A-B8AF-546951750644}.Debug|Win32.ActiveCfg = Debug|Win32
		{3515D533-CD31-307A-B8AF-546951750644}.Debug|Win32.Build.0 = Debug|Win32
		{3515D533-CD31-307A-B8AF-546951750644}.Release|Win32.ActiveCfg = Release|Win32
		{3515D533-CD31-307A-B8AF-546951750644}.Release|Win32.Build.0 = Release|Win32
		{3515D533-CD31-307A-B8AF-546951750644}.MinSizeRel|Win32.ActiveCfg = MinSizeRel|Win32
		{3515D533-CD31-307A-B8AF-546951750644}.MinSizeRel|Win32.Build.0 = MinSizeRel|Win32
		{3515D533-CD31-307A-B8AF-546951750644}.RelWithDebInfo|Win32.ActiveCfg = RelWithDebInfo|Win32
		{3515D533-CD31-307A-B8AF-546951750644}.RelWithDebInfo|Win32.Build.0 = RelWithDebInfo|Win32
		{69B41938-CC12-36CC-83B2-A2BEDDBC0907}.Debug|Win32.ActiveCfg = Debug|Win32
		{69B41938-CC12-36CC-83B2-A2BEDDBC0907}.Release|Win32.ActiveCfg = Release|Win32
		{69B41938-CC12-36CC-83B2-A2BEDDBC0907}.MinSizeRel|Win32.ActiveCfg = MinSizeRel|Win32
		{69B41938-CC12-36CC-83B2-A2BEDDBC0907}.RelWithDebInfo|Win32.ActiveCfg = RelWithDebInfo|Win32
		{12A3B552-5A53-3606-9526-525798E5A526}.Debug|Win32.ActiveCfg = Debug|Win32
		{12A3B552-5A53-3606-9526-525798E5A526}.Release|Win32.ActiveCfg = Release|Win32
		{12A3B552-5A53-3606-9526-525798E5A526}.MinSizeRel|Win32.ActiveCfg = MinSizeRel|Win32
		{12A3B552-5A53-3606-9526-525798E5A526}.RelWithDebInfo|Win32.ActiveCfg = RelWithDebInfo|Win32
		{64BC6A5C-B14B-34E2-88A0-A3480F5EF631}.Debug|Win32.ActiveCfg = Debug|Win32
		{64BC6A5C-B14B-34E2-88A0-A3480F5EF631}.Debug|Win32.Build.0 = Debug|Win32
		{64BC6A5C-B14B-34E2-88A0-A3480F5EF631}.Release|Win32.ActiveCfg = Release|Win32
		{64BC6A5C-B14B-34E2-88A0-A3480F5EF631}.Release|Win32.Build.0 = Release|Win32
		{64BC6A5C-B14B-34E2-88A0-A3480F5EF631}.MinSizeRel|Win32.ActiveCfg = MinSizeRel|Win32
		{64BC6A5C-B14B-34E2-88A0-A3480F5EF631}.MinSizeRel|Win32.Build.0 = MinSizeRel|Win32
		{64BC6A5C-B14B-34E2-88A0-A3480F5EF631}.RelWithDebInfo|Win32.ActiveCfg = RelWithDebInfo|Win32
		{64BC6A5C-B14B-34E2-88A0-A3480F5EF631}.RelWithDebInfo|Win32.Build.0 = RelWithDebInfo|Win32
		{BD80255D-0C82-321D-B38D-E995840D0D9B}.Debug|Win32.ActiveCfg = Debug|Win32
		{BD80255D-0C82-321D-B38D-E995840D0D9B}.Debug|Win32.Build.0 = Debug|Win32
		{BD80255D-0C82-321D-B38D-E995840D0D9B}.Release|Win32.ActiveCfg = Release|Win32
		{BD80255D-0C82-321D-B38D-E995840D0D9B}.Release|Win32.Build.0 = Release|Win32
		{BD80255D-0C82-321D-B38D-E995840D0D9B}.MinSizeRel|Win32.ActiveCfg = MinSizeRel|Win32
		{BD80255D-0C82-321D-B38D-E995840D0D9B}.MinSizeRel|Win32.Build.0 = MinSizeRel|Win32
		{BD80255D-0C82-321D-B38D-E995840D0D9B}.RelWithDebInfo|Win32.ActiveCfg = RelWithDebInfo|Win32
		{BD80255D-0C82-321D-B38D-E995840D0D9B}.RelWithDebInfo|Win32.Build.0 = RelWithDebInfo|Win32
		{DE29259F-721B-34B2-9660-E12E4611EC6E}.Debug|Win32.ActiveCfg = Debug|Win32
		{DE29259F-721B-34B2-9660-E12E4611EC6E}.Debug|Win32.Build.0 = Debug|Win32
		{DE29259F-721B-34B2-9660-E12E4611EC6E}.Release|Win32.ActiveCfg = Release|Win32
		{DE29259F-721B-34B2-9660-E12E4611EC6E}.Release|Win32.Build.0 = Release|Win32
		{DE29259F-721B-34B2-9660-E12E4611EC6E}.MinSizeRel|Win32.ActiveCfg = MinSizeRel|Win32
		{DE29259F-721B-34B2-9660-E12E4611EC6E}.MinSizeRel|Win32.Build.0 = MinSizeRel|Win32
		{DE29259F-721B-34B2-9660-E12E4611EC6E}.RelWithDebInfo|Win32.ActiveCfg = RelWithDebInfo|Win32
		{DE29259F-721B-34B2-9660-E12E4611EC6E}.RelWithDebInfo|Win32.Build.0 = RelWithDebInfo|Win32
	EndGlobalSection
	GlobalSection(ExtensibilityGlobals) = postSolution
		SolutionGuid = {62601C13-A2C9-3F9A-9215-24A1FD700799}
	EndGlobalSection
	GlobalSection(ExtensibilityAddIns) = postSolution
	EndGlobalSection
EndGlobal
